github.com/davecgh/go-spew v1.1.1 h1:vj9j/u1bqnvCEfJOwUhtlOARqs3+rkHYY13jYWTU97c=
github.com/davecgh/go-spew v1.1.1/go.mod h1:J7Y8YcW2NihsgmVo/mv3lAwl/skON4iLHjSsI+c5H38=
github.com/higress-group/proxy-wasm-go-sdk v0.0.0-20251103120604-77e9cce339d2 h1:NY33OrWCJJ+DFiLc+lsBY4Ywor2Ik61ssk6qkGF8Ypo=
github.com/higress-group/proxy-wasm-go-sdk v0.0.0-20251103120604-77e9cce339d2/go.mod h1:tRI2LfMudSkKHhyv1uex3BWzcice2s/l8Ah8axporfA=
github.com/pmezard/go-difflib v1.0.0 h1:4DBwDE0NGyQoBHbLQYPwSUPoCMWR5BEzIk/f1lZbAQM=
github.com/pmezard/go-difflib v1.0.0/go.mod h1:iKH77koFhYxTK1pcRnkWkqfTogsbg7gZNVY4sRDYZ/4=
github.com/stretchr/testify v1.9.0 h1:HtqpIVDClZ4nwg75rkeocQhZ8V7i1bVxVN5oS7DTKGE=
github.com/stretchr/testify v1.9.0/go.mod h1:r2ic/lqez/lEtzL7wO/rwa5dbSLXVDPFyf8C91i36aY=
gopkg.in/yaml.v3 v3.0.1 h1:fxVm/GzAzEWLHuvctI91KS9hhNmmWOoWu0XTYJS7CA=
gopkg.in/yaml.v3 v3.0.1/go.mod h1:K4uyk7z7BCEPqu6E+C64Yfv1TtnT/8w6g2J0U8KiO9eWF5lg=
